
Microsoft Visual Studio Solution File, Format Version 12.00
# Visual Studio Version 17
VisualStudioVersion = 17.3.32929.385
MinimumVisualStudioVersion = 10.0.40219.1
Project("{FAE04EC0-301F-11D3-BF4B-00C04F79EFBC}") = "Homework(1.2BB)", "Homework(1.2BB).csproj", "{9A90E6C4-133B-40F2-B5A6-9592FC7EBFB6}"
EndProject
Global
	GlobalSection(SolutionConfigurationPlatforms) = preSolution
		Debug|Any CPU = Debug|Any CPU
		Release|Any CPU = Release|Any CPU
	EndGlobalSection
	GlobalSection(ProjectConfigurationPlatforms) = postSolution
		{9A90E6C4-133B-40F2-B5A6-9592FC7EBFB6}.Debug|Any CPU.ActiveCfg = Debug|Any CPU
		{9A90E6C4-133B-40F2-B5A6-9592FC7EBFB6}.Debug|Any CPU.Build.0 = Debug|Any CPU
		{9A90E6C4-133B-40F2-B5A6-9592FC7EBFB6}.Release|Any CPU.ActiveCfg = Release|Any CPU
		{9A90E6C4-133B-40F2-B5A6-9592FC7EBFB6}.Release|Any CPU.Build.0 = Release|Any CPU
	EndGlobalSection
	GlobalSection(SolutionProperties) = preSolution
		HideSolutionNode = FALSE
	EndGlobalSection
	GlobalSection(ExtensibilityGlobals) = postSolution
		SolutionGuid = {C0B5AF11-BD6C-4012-BF13-6670B6F38164}
	EndGlobalSection
EndGlobal
